
Microsoft Visual Studio Solution File, Format Version 12.00
# Visual Studio Version 17
VisualStudioVersion = 17.9.34701.34
MinimumVisualStudioVersion = 10.0.40219.1
Project("{FAE04EC0-301F-11D3-BF4B-00C04F79EFBC}") = "Presentacion", "Presentacion\Presentacion.csproj", "{57B5838C-AA8D-44AA-8DD4-9AA47B47D8A5}"
EndProject
Project("{FAE04EC0-301F-11D3-BF4B-00C04F79EFBC}") = "Dominio", "Dominio\Dominio.csproj", "{B22767E9-7CEE-4601-AB2E-880E94177727}"
EndProject
Project("{FAE04EC0-301F-11D3-BF4B-00C04F79EFBC}") = "Negocio", "Negocio\Negocio.csproj", "{0F891EDB-8182-49CF-B19F-D0AD1175FF03}"
EndProject
Global
	GlobalSection(SolutionConfigurationPlatforms) = preSolution
		Debug|Any CPU = Debug|Any CPU
		Release|Any CPU = Release|Any CPU
	EndGlobalSection
	GlobalSection(ProjectConfigurationPlatforms) = postSolution
		{57B5838C-AA8D-44AA-8DD4-9AA47B47D8A5}.Debug|Any CPU.ActiveCfg = Debug|Any CPU
		{57B5838C-AA8D-44AA-8DD4-9AA47B47D8A5}.Debug|Any CPU.Build.0 = Debug|Any CPU
		{57B5838C-AA8D-44AA-8DD4-9AA47B47D8A5}.Release|Any CPU.ActiveCfg = Release|Any CPU
		{57B5838C-AA8D-44AA-8DD4-9AA47B47D8A5}.Release|Any CPU.Build.0 = Release|Any CPU
		{B22767E9-7CEE-4601-AB2E-880E94177727}.Debug|Any CPU.ActiveCfg = Debug|Any CPU
		{B22767E9-7CEE-4601-AB2E-880E94177727}.Debug|Any CPU.Build.0 = Debug|Any CPU
		{B22767E9-7CEE-4601-AB2E-880E94177727}.Release|Any CPU.ActiveCfg = Release|Any CPU
		{B22767E9-7CEE-4601-AB2E-880E94177727}.Release|Any CPU.Build.0 = Release|Any CPU
		{0F891EDB-8182-49CF-B19F-D0AD1175FF03}.Debug|Any CPU.ActiveCfg = Debug|Any CPU
		{0F891EDB-8182-49CF-B19F-D0AD1175FF03}.Debug|Any CPU.Build.0 = Debug|Any CPU
		{0F891EDB-8182-49CF-B19F-D0AD1175FF03}.Release|Any CPU.ActiveCfg = Release|Any CPU
		{0F891EDB-8182-49CF-B19F-D0AD1175FF03}.Release|Any CPU.Build.0 = Release|Any CPU
	EndGlobalSection
	GlobalSection(SolutionProperties) = preSolution
		HideSolutionNode = FALSE
	EndGlobalSection
	GlobalSection(ExtensibilityGlobals) = postSolution
		SolutionGuid = {EE82F597-A911-48FE-A320-2C9849E49262}
	EndGlobalSection
EndGlobal
